
Microsoft Visual Studio Solution File, Format Version 12.00
# Visual Studio Version 16
VisualStudioVersion = 16.0.30204.135
MinimumVisualStudioVersion = 10.0.40219.1
Project("{9A19103F-16F7-4668-BE54-9A1E7A4F7556}") = "AppNomina", "AppNomina\AppNomina.csproj", "{F3E8B89F-3F86-42C7-B1D0-9D12F887E253}"
EndProject
Project("{FAE04EC0-301F-11D3-BF4B-00C04F79EFBC}") = "AppNominas.Model", "AppNominas.Model\AppNominas.Model.csproj", "{870179BD-1B60-411F-BC17-0741A806DCC6}"
EndProject
Project("{FAE04EC0-301F-11D3-BF4B-00C04F79EFBC}") = "AppNominas.Repository", "AppNominas.Repository\AppNominas.Repository.csproj", "{E216C49C-50E8-4B66-A5E1-CE70D32CFE32}"
EndProject
Project("{FAE04EC0-301F-11D3-BF4B-00C04F79EFBC}") = "AppNominas.Service", "AppNominas.Service\AppNominas.Service.csproj", "{CDF19BA3-2104-40B1-8322-90647D49F5A8}"
EndProject
Global
	GlobalSection(SolutionConfigurationPlatforms) = preSolution
		Debug|Any CPU = Debug|Any CPU
		Release|Any CPU = Release|Any CPU
	EndGlobalSection
	GlobalSection(ProjectConfigurationPlatforms) = postSolution
		{F3E8B89F-3F86-42C7-B1D0-9D12F887E253}.Debug|Any CPU.ActiveCfg = Debug|Any CPU
		{F3E8B89F-3F86-42C7-B1D0-9D12F887E253}.Debug|Any CPU.Build.0 = Debug|Any CPU
		{F3E8B89F-3F86-42C7-B1D0-9D12F887E253}.Release|Any CPU.ActiveCfg = Release|Any CPU
		{F3E8B89F-3F86-42C7-B1D0-9D12F887E253}.Release|Any CPU.Build.0 = Release|Any CPU
		{870179BD-1B60-411F-BC17-0741A806DCC6}.Debug|Any CPU.ActiveCfg = Debug|Any CPU
		{870179BD-1B60-411F-BC17-0741A806DCC6}.Debug|Any CPU.Build.0 = Debug|Any CPU
		{870179BD-1B60-411F-BC17-0741A806DCC6}.Release|Any CPU.ActiveCfg = Release|Any CPU
		{870179BD-1B60-411F-BC17-0741A806DCC6}.Release|Any CPU.Build.0 = Release|Any CPU
		{E216C49C-50E8-4B66-A5E1-CE70D32CFE32}.Debug|Any CPU.ActiveCfg = Debug|Any CPU
		{E216C49C-50E8-4B66-A5E1-CE70D32CFE32}.Debug|Any CPU.Build.0 = Debug|Any CPU
		{E216C49C-50E8-4B66-A5E1-CE70D32CFE32}.Release|Any CPU.ActiveCfg = Release|Any CPU
		{E216C49C-50E8-4B66-A5E1-CE70D32CFE32}.Release|Any CPU.Build.0 = Release|Any CPU
		{CDF19BA3-2104-40B1-8322-90647D49F5A8}.Debug|Any CPU.ActiveCfg = Debug|Any CPU
		{CDF19BA3-2104-40B1-8322-90647D49F5A8}.Debug|Any CPU.Build.0 = Debug|Any CPU
		{CDF19BA3-2104-40B1-8322-90647D49F5A8}.Release|Any CPU.ActiveCfg = Release|Any CPU
		{CDF19BA3-2104-40B1-8322-90647D49F5A8}.Release|Any CPU.Build.0 = Release|Any CPU
	EndGlobalSection
	GlobalSection(SolutionProperties) = preSolution
		HideSolutionNode = FALSE
	EndGlobalSection
	GlobalSection(ExtensibilityGlobals) = postSolution
		SolutionGuid = {215956B8-3037-4D54-A154-0004149CF3A6}
	EndGlobalSection
EndGlobal
